
Microsoft Visual Studio Solution File, Format Version 12.00
# Visual Studio Version 16
VisualStudioVersion = 16.0.31105.61
MinimumVisualStudioVersion = 10.0.40219.1
Project("{FAE04EC0-301F-11D3-BF4B-00C04F79EFBC}") = "App3.Android", "App3\App3.Android\App3.Android.csproj", "{98FEE8C7-F58D-4574-9DCA-C4CE0D75F8F9}"
EndProject
Project("{FAE04EC0-301F-11D3-BF4B-00C04F79EFBC}") = "App3.iOS", "App3\App3.iOS\App3.iOS.csproj", "{04A96061-4A5C-47BE-B36C-78A290F8AB56}"
EndProject
Project("{FAE04EC0-301F-11D3-BF4B-00C04F79EFBC}") = "App3", "App3\App3\App3.csproj", "{664FE220-0C5F-4E43-97FA-20F5C74C4C48}"
EndProject
Global
	GlobalSection(SolutionConfigurationPlatforms) = preSolution
		Debug|Any CPU = Debug|Any CPU
		Debug|iPhone = Debug|iPhone
		Debug|iPhoneSimulator = Debug|iPhoneSimulator
		Release|Any CPU = Release|Any CPU
		Release|iPhone = Release|iPhone
		Release|iPhoneSimulator = Release|iPhoneSimulator
	EndGlobalSection
	GlobalSection(ProjectConfigurationPlatforms) = postSolution
		{98FEE8C7-F58D-4574-9DCA-C4CE0D75F8F9}.Debug|Any CPU.ActiveCfg = Debug|Any CPU
		{98FEE8C7-F58D-4574-9DCA-C4CE0D75F8F9}.Debug|Any CPU.Build.0 = Debug|Any CPU
		{98FEE8C7-F58D-4574-9DCA-C4CE0D75F8F9}.Debug|Any CPU.Deploy.0 = Debug|Any CPU
		{98FEE8C7-F58D-4574-9DCA-C4CE0D75F8F9}.Debug|iPhone.ActiveCfg = Debug|Any CPU
		{98FEE8C7-F58D-4574-9DCA-C4CE0D75F8F9}.Debug|iPhone.Build.0 = Debug|Any CPU
		{98FEE8C7-F58D-4574-9DCA-C4CE0D75F8F9}.Debug|iPhone.Deploy.0 = Debug|Any CPU
		{98FEE8C7-F58D-4574-9DCA-C4CE0D75F8F9}.Debug|iPhoneSimulator.ActiveCfg = Debug|Any CPU
		{98FEE8C7-F58D-4574-9DCA-C4CE0D75F8F9}.Debug|iPhoneSimulator.Build.0 = Debug|Any CPU
		{98FEE8C7-F58D-4574-9DCA-C4CE0D75F8F9}.Debug|iPhoneSimulator.Deploy.0 = Debug|Any CPU
		{98FEE8C7-F58D-4574-9DCA-C4CE0D75F8F9}.Release|Any CPU.ActiveCfg = Release|Any CPU
		{98FEE8C7-F58D-4574-9DCA-C4CE0D75F8F9}.Release|Any CPU.Build.0 = Release|Any CPU
		{98FEE8C7-F58D-4574-9DCA-C4CE0D75F8F9}.Release|Any CPU.Deploy.0 = Release|Any CPU
		{98FEE8C7-F58D-4574-9DCA-C4CE0D75F8F9}.Release|iPhone.ActiveCfg = Release|Any CPU
		{98FEE8C7-F58D-4574-9DCA-C4CE0D75F8F9}.Release|iPhone.Build.0 = Release|Any CPU
		{98FEE8C7-F58D-4574-9DCA-C4CE0D75F8F9}.Release|iPhone.Deploy.0 = Release|Any CPU
		{98FEE8C7-F58D-4574-9DCA-C4CE0D75F8F9}.Release|iPhoneSimulator.ActiveCfg = Release|Any CPU
		{98FEE8C7-F58D-4574-9DCA-C4CE0D75F8F9}.Release|iPhoneSimulator.Build.0 = Release|Any CPU
		{98FEE8C7-F58D-4574-9DCA-C4CE0D75F8F9}.Release|iPhoneSimulator.Deploy.0 = Release|Any CPU
		{04A96061-4A5C-47BE-B36C-78A290F8AB56}.Debug|Any CPU.ActiveCfg = Debug|iPhone
		{04A96061-4A5C-47BE-B36C-78A290F8AB56}.Debug|Any CPU.Build.0 = Debug|iPhone
		{04A96061-4A5C-47BE-B36C-78A290F8AB56}.Debug|Any CPU.Deploy.0 = Debug|iPhone
		{04A96061-4A5C-47BE-B36C-78A290F8AB56}.Debug|iPhone.ActiveCfg = Debug|iPhone
		{04A96061-4A5C-47BE-B36C-78A290F8AB56}.Debug|iPhone.Build.0 = Debug|iPhone
		{04A96061-4A5C-47BE-B36C-78A290F8AB56}.Debug|iPhone.Deploy.0 = Debug|iPhone
		{04A96061-4A5C-47BE-B36C-78A290F8AB56}.Debug|iPhoneSimulator.ActiveCfg = Debug|iPhoneSimulator
		{04A96061-4A5C-47BE-B36C-78A290F8AB56}.Debug|iPhoneSimulator.Build.0 = Debug|iPhoneSimulator
		{04A96061-4A5C-47BE-B36C-78A290F8AB56}.Debug|iPhoneSimulator.Deploy.0 = Debug|iPhoneSimulator
		{04A96061-4A5C-47BE-B36C-78A290F8AB56}.Release|Any CPU.ActiveCfg = Release|iPhoneSimulator
		{04A96061-4A5C-47BE-B36C-78A290F8AB56}.Release|Any CPU.Build.0 = Release|iPhoneSimulator
		{04A96061-4A5C-47BE-B36C-78A290F8AB56}.Release|Any CPU.Deploy.0 = Release|iPhoneSimulator
		{04A96061-4A5C-47BE-B36C-78A290F8AB56}.Release|iPhone.ActiveCfg = Release|iPhone
		{04A96061-4A5C-47BE-B36C-78A290F8AB56}.Release|iPhone.Build.0 = Release|iPhone
		{04A96061-4A5C-47BE-B36C-78A290F8AB56}.Release|iPhone.Deploy.0 = Release|iPhone
		{04A96061-4A5C-47BE-B36C-78A290F8AB56}.Release|iPhoneSimulator.ActiveCfg = Release|iPhoneSimulator
		{04A96061-4A5C-47BE-B36C-78A290F8AB56}.Release|iPhoneSimulator.Build.0 = Release|iPhoneSimulator
		{04A96061-4A5C-47BE-B36C-78A290F8AB56}.Release|iPhoneSimulator.Deploy.0 = Release|iPhoneSimulator
		{664FE220-0C5F-4E43-97FA-20F5C74C4C48}.Debug|Any CPU.ActiveCfg = Debug|Any CPU
		{664FE220-0C5F-4E43-97FA-20F5C74C4C48}.Debug|Any CPU.Build.0 = Debug|Any CPU
		{664FE220-0C5F-4E43-97FA-20F5C74C4C48}.Debug|Any CPU.Deploy.0 = Debug|Any CPU
		{664FE220-0C5F-4E43-97FA-20F5C74C4C48}.Debug|iPhone.ActiveCfg = Debug|Any CPU
		{664FE220-0C5F-4E43-97FA-20F5C74C4C48}.Debug|iPhone.Build.0 = Debug|Any CPU
		{664FE220-0C5F-4E43-97FA-20F5C74C4C48}.Debug|iPhone.Deploy.0 = Debug|Any CPU
		{664FE220-0C5F-4E43-97FA-20F5C74C4C48}.Debug|iPhoneSimulator.ActiveCfg = Debug|Any CPU
		{664FE220-0C5F-4E43-97FA-20F5C74C4C48}.Debug|iPhoneSimulator.Build.0 = Debug|Any CPU
		{664FE220-0C5F-4E43-97FA-20F5C74C4C48}.Debug|iPhoneSimulator.Deploy.0 = Debug|Any CPU
		{664FE220-0C5F-4E43-97FA-20F5C74C4C48}.Release|Any CPU.ActiveCfg = Release|Any CPU
		{664FE220-0C5F-4E43-97FA-20F5C74C4C48}.Release|Any CPU.Build.0 = Release|Any CPU
		{664FE220-0C5F-4E43-97FA-20F5C74C4C48}.Release|Any CPU.Deploy.0 = Release|Any CPU
		{664FE220-0C5F-4E43-97FA-20F5C74C4C48}.Release|iPhone.ActiveCfg = Release|Any CPU
		{664FE220-0C5F-4E43-97FA-20F5C74C4C48}.Release|iPhone.Build.0 = Release|Any CPU
		{664FE220-0C5F-4E43-97FA-20F5C74C4C48}.Release|iPhone.Deploy.0 = Release|Any CPU
		{664FE220-0C5F-4E43-97FA-20F5C74C4C48}.Release|iPhoneSimulator.ActiveCfg = Release|Any CPU
		{664FE220-0C5F-4E43-97FA-20F5C74C4C48}.Release|iPhoneSimulator.Build.0 = Release|Any CPU
		{664FE220-0C5F-4E43-97FA-20F5C74C4C48}.Release|iPhoneSimulator.Deploy.0 = Release|Any CPU
	EndGlobalSection
	GlobalSection(SolutionProperties) = preSolution
		HideSolutionNode = FALSE
	EndGlobalSection
	GlobalSection(ExtensibilityGlobals) = postSolution
		SolutionGuid = {60C12CCE-2E42-492E-85D4-AB34E8F5219A}
	EndGlobalSection
EndGlobal
